
Microsoft Visual Studio Solution File, Format Version 12.00
# Visual Studio Version 16
VisualStudioVersion = 16.0.32126.315
MinimumVisualStudioVersion = 10.0.40219.1
Project("{FAE04EC0-301F-11D3-BF4B-00C04F79EFBC}") = "Tester", "Tester\Tester.csproj", "{C6587142-FD9B-41B6-B144-FD7BE6F8918C}"
EndProject
Global
	GlobalSection(SolutionConfigurationPlatforms) = preSolution
		Debug|Any CPU = Debug|Any CPU
		Release|Any CPU = Release|Any CPU
	EndGlobalSection
	GlobalSection(ProjectConfigurationPlatforms) = postSolution
		{C6587142-FD9B-41B6-B144-FD7BE6F8918C}.Debug|Any CPU.ActiveCfg = Debug|Any CPU
		{C6587142-FD9B-41B6-B144-FD7BE6F8918C}.Debug|Any CPU.Build.0 = Debug|Any CPU
		{C6587142-FD9B-41B6-B144-FD7BE6F8918C}.Release|Any CPU.ActiveCfg = Release|Any CPU
		{C6587142-FD9B-41B6-B144-FD7BE6F8918C}.Release|Any CPU.Build.0 = Release|Any CPU
	EndGlobalSection
	GlobalSection(SolutionProperties) = preSolution
		HideSolutionNode = FALSE
	EndGlobalSection
	GlobalSection(ExtensibilityGlobals) = postSolution
		SolutionGuid = {8A2487CF-EE74-4204-BA27-223C18AA5628}
	EndGlobalSection
EndGlobal
